// !$*UTF8*$!
{
	archiveVersion = 1;
	classes = {
	};
	objectVersion = 50;
	objects = {

/* Begin PBXBuildFile section */
		EA3006F424645C99000F2551 /* AppDelegate.swift in Sources */ = {isa = PBXBuildFile; fileRef = EA3006F324645C99000F2551 /* AppDelegate.swift */; };
		EA3006F624645C99000F2551 /* SceneDelegate.swift in Sources */ = {isa = PBXBuildFile; fileRef = EA3006F524645C99000F2551 /* SceneDelegate.swift */; };
		EA3006F824645C99000F2551 /* LocationsViewController.swift in Sources */ = {isa = PBXBuildFile; fileRef = EA3006F724645C99000F2551 /* LocationsViewController.swift */; };
		EA3006FB24645C99000F2551 /* Main.storyboard in Resources */ = {isa = PBXBuildFile; fileRef = EA3006F924645C99000F2551 /* Main.storyboard */; };
		EA3006FE24645C99000F2551 /* VirtualTourist.xcdatamodeld in Sources */ = {isa = PBXBuildFile; fileRef = EA3006FC24645C99000F2551 /* VirtualTourist.xcdatamodeld */; };
		EA30070024645C9C000F2551 /* Assets.xcassets in Resources */ = {isa = PBXBuildFile; fileRef = EA3006FF24645C9C000F2551 /* Assets.xcassets */; };
		EA30070324645C9C000F2551 /* LaunchScreen.storyboard in Resources */ = {isa = PBXBuildFile; fileRef = EA30070124645C9C000F2551 /* LaunchScreen.storyboard */; };
		EA30070F246468F4000F2551 /* AlbumViewController.swift in Sources */ = {isa = PBXBuildFile; fileRef = EA30070E246468F4000F2551 /* AlbumViewController.swift */; };
		EA30071124646A85000F2551 /* DataController.swift in Sources */ = {isa = PBXBuildFile; fileRef = EA30071024646A85000F2551 /* DataController.swift */; };
		EA30071324653352000F2551 /* Strings.swift in Sources */ = {isa = PBXBuildFile; fileRef = EA30071224653352000F2551 /* Strings.swift */; };
		EA300715246609AE000F2551 /* FlickrClient.swift in Sources */ = {isa = PBXBuildFile; fileRef = EA300714246609AE000F2551 /* FlickrClient.swift */; };
/* End PBXBuildFile section */

/* Begin PBXFileReference section */
		EA3006F024645C99000F2551 /* VirtualTourist.app */ = {isa = PBXFileReference; explicitFileType = wrapper.application; includeInIndex = 0; path = VirtualTourist.app; sourceTree = BUILT_PRODUCTS_DIR; };
		EA3006F324645C99000F2551 /* AppDelegate.swift */ = {isa = PBXFileReference; lastKnownFileType = sourcecode.swift; path = AppDelegate.swift; sourceTree = "<group>"; };
		EA3006F524645C99000F2551 /* SceneDelegate.swift */ = {isa = PBXFileReference; lastKnownFileType = sourcecode.swift; path = SceneDelegate.swift; sourceTree = "<group>"; };
		EA3006F724645C99000F2551 /* LocationsViewController.swift */ = {isa = PBXFileReference; lastKnownFileType = sourcecode.swift; path = LocationsViewController.swift; sourceTree = "<group>"; };
		EA3006FA24645C99000F2551 /* Base */ = {isa = PBXFileReference; lastKnownFileType = file.storyboard; name = Base; path = Base.lproj/Main.storyboard; sourceTree = "<group>"; };
		EA3006FD24645C99000F2551 /* VirtualTourist.xcdatamodel */ = {isa = PBXFileReference; lastKnownFileType = wrapper.xcdatamodel; path = VirtualTourist.xcdatamodel; sourceTree = "<group>"; };
		EA3006FF24645C9C000F2551 /* Assets.xcassets */ = {isa = PBXFileReference; lastKnownFileType = folder.assetcatalog; path = Assets.xcassets; sourceTree = "<group>"; };
		EA30070224645C9C000F2551 /* Base */ = {isa = PBXFileReference; lastKnownFileType = file.storyboard; name = Base; path = Base.lproj/LaunchScreen.storyboard; sourceTree = "<group>"; };
		EA30070424645C9C000F2551 /* Info.plist */ = {isa = PBXFileReference; lastKnownFileType = text.plist.xml; path = Info.plist; sourceTree = "<group>"; };
		EA30070E246468F4000F2551 /* AlbumViewController.swift */ = {isa = PBXFileReference; lastKnownFileType = sourcecode.swift; path = AlbumViewController.swift; sourceTree = "<group>"; };
		EA30071024646A85000F2551 /* DataController.swift */ = {isa = PBXFileReference; lastKnownFileType = sourcecode.swift; path = DataController.swift; sourceTree = "<group>"; };
		EA30071224653352000F2551 /* Strings.swift */ = {isa = PBXFileReference; lastKnownFileType = sourcecode.swift; path = Strings.swift; sourceTree = "<group>"; };
		EA300714246609AE000F2551 /* FlickrClient.swift */ = {isa = PBXFileReference; lastKnownFileType = sourcecode.swift; path = FlickrClient.swift; sourceTree = "<group>"; };
/* End PBXFileReference section */

/* Begin PBXFrameworksBuildPhase section */
		EA3006ED24645C99000F2551 /* Frameworks */ = {
			isa = PBXFrameworksBuildPhase;
			buildActionMask = 2147483647;
			files = (
			);
			runOnlyForDeploymentPostprocessing = 0;
		};
/* End PBXFrameworksBuildPhase section */

/* Begin PBXGroup section */
		EA3006E724645C99000F2551 = {
			isa = PBXGroup;
			children = (
				EA3006F224645C99000F2551 /* VirtualTourist */,
				EA3006F124645C99000F2551 /* Products */,
			);
			sourceTree = "<group>";
		};
		EA3006F124645C99000F2551 /* Products */ = {
			isa = PBXGroup;
			children = (
				EA3006F024645C99000F2551 /* VirtualTourist.app */,
			);
			name = Products;
			sourceTree = "<group>";
		};
		EA3006F224645C99000F2551 /* VirtualTourist */ = {
			isa = PBXGroup;
			children = (
				EA30070D24645D1F000F2551 /* Assets */,
				EA30070A24645CBC000F2551 /* Model */,
				EA30070B24645CC3000F2551 /* View */,
				EA30070C24645CCA000F2551 /* Controller */,
				EA3006F324645C99000F2551 /* AppDelegate.swift */,
				EA3006F524645C99000F2551 /* SceneDelegate.swift */,
				EA30070424645C9C000F2551 /* Info.plist */,
				EA30071224653352000F2551 /* Strings.swift */,
			);
			path = VirtualTourist;
			sourceTree = "<group>";
		};
		EA30070A24645CBC000F2551 /* Model */ = {
			isa = PBXGroup;
			children = (
				EA3006FC24645C99000F2551 /* VirtualTourist.xcdatamodeld */,
				EA30071024646A85000F2551 /* DataController.swift */,
				EA300714246609AE000F2551 /* FlickrClient.swift */,
			);
			path = Model;
			sourceTree = "<group>";
		};
		EA30070B24645CC3000F2551 /* View */ = {
			isa = PBXGroup;
			children = (
				EA3006F924645C99000F2551 /* Main.storyboard */,
				EA30070124645C9C000F2551 /* LaunchScreen.storyboard */,
			);
			path = View;
			sourceTree = "<group>";
		};
		EA30070C24645CCA000F2551 /* Controller */ = {
			isa = PBXGroup;
			children = (
				EA3006F724645C99000F2551 /* LocationsViewController.swift */,
				EA30070E246468F4000F2551 /* AlbumViewController.swift */,
			);
			path = Controller;
			sourceTree = "<group>";
		};
		EA30070D24645D1F000F2551 /* Assets */ = {
			isa = PBXGroup;
			children = (
				EA3006FF24645C9C000F2551 /* Assets.xcassets */,
			);
			path = Assets;
			sourceTree = "<group>";
		};
/* End PBXGroup section */

/* Begin PBXNativeTarget section */
		EA3006EF24645C99000F2551 /* VirtualTourist */ = {
			isa = PBXNativeTarget;
			buildConfigurationList = EA30070724645C9C000F2551 /* Build configuration list for PBXNativeTarget "VirtualTourist" */;
			buildPhases = (
				EA3006EC24645C99000F2551 /* Sources */,
				EA3006ED24645C99000F2551 /* Frameworks */,
				EA3006EE24645C99000F2551 /* Resources */,
			);
			buildRules = (
			);
			dependencies = (
			);
			name = VirtualTourist;
			productName = VirtualTourist;
			productReference = EA3006F024645C99000F2551 /* VirtualTourist.app */;
			productType = "com.apple.product-type.application";
		};
/* End PBXNativeTarget section */

/* Begin PBXProject section */
		EA3006E824645C99000F2551 /* Project object */ = {
			isa = PBXProject;
			attributes = {
				LastSwiftUpdateCheck = 1140;
				LastUpgradeCheck = 1140;
				ORGANIZATIONNAME = "ViewModel Software";
				TargetAttributes = {
					EA3006EF24645C99000F2551 = {
						CreatedOnToolsVersion = 11.4.1;
					};
				};
			};
			buildConfigurationList = EA3006EB24645C99000F2551 /* Build configuration list for PBXProject "VirtualTourist" */;
			compatibilityVersion = "Xcode 9.3";
			developmentRegion = en;
			hasScannedForEncodings = 0;
			knownRegions = (
				en,
				Base,
			);
			mainGroup = EA3006E724645C99000F2551;
			productRefGroup = EA3006F124645C99000F2551 /* Products */;
			projectDirPath = "";
			projectRoot = "";
			targets = (
				EA3006EF24645C99000F2551 /* VirtualTourist */,
			);
		};
/* End PBXProject section */

/* Begin PBXResourcesBuildPhase section */
		EA3006EE24645C99000F2551 /* Resources */ = {
			isa = PBXResourcesBuildPhase;
			buildActionMask = 2147483647;
			files = (
				EA30070324645C9C000F2551 /* LaunchScreen.storyboard in Resources */,
				EA30070024645C9C000F2551 /* Assets.xcassets in Resources */,
				EA3006FB24645C99000F2551 /* Main.storyboard in Resources */,
			);
			runOnlyForDeploymentPostprocessing = 0;
		};
/* End PBXResourcesBuildPhase section */

/* Begin PBXSourcesBuildPhase section */
		EA3006EC24645C99000F2551 /* Sources */ = {
			isa = PBXSourcesBuildPhase;
			buildActionMask = 2147483647;
			files = (
				EA3006FE24645C99000F2551 /* VirtualTourist.xcdatamodeld in Sources */,
				EA30071124646A85000F2551 /* DataController.swift in Sources */,
				EA30070F246468F4000F2551 /* AlbumViewController.swift in Sources */,
				EA3006F824645C99000F2551 /* LocationsViewController.swift in Sources */,
				EA3006F424645C99000F2551 /* AppDelegate.swift in Sources */,
				EA3006F624645C99000F2551 /* SceneDelegate.swift in Sources */,
				EA30071324653352000F2551 /* Strings.swift in Sources */,
				EA300715246609AE000F2551 /* FlickrClient.swift in Sources */,
			);
			runOnlyForDeploymentPostprocessing = 0;
		};
/* End PBXSourcesBuildPhase section */

/* Begin PBXVariantGroup section */
		EA3006F924645C99000F2551 /* Main.storyboard */ = {
			isa = PBXVariantGroup;
			children = (
				EA3006FA24645C99000F2551 /* Base */,
			);
			name = Main.storyboard;
			sourceTree = "<group>";
		};
		EA30070124645C9C000F2551 /* LaunchScreen.storyboard */ = {
			isa = PBXVariantGroup;
			children = (
				EA30070224645C9C000F2551 /* Base */,
			);
			name = LaunchScreen.storyboard;
			sourceTree = "<group>";
		};
/* End PBXVariantGroup section */

/* Begin XCBuildConfiguration section */
		EA30070524645C9C000F2551 /* Debug */ = {
			isa = XCBuildConfiguration;
			buildSettings = {
				ALWAYS_SEARCH_USER_PATHS = NO;
				CLANG_ANALYZER_NONNULL = YES;
				CLANG_ANALYZER_NUMBER_OBJECT_CONVERSION = YES_AGGRESSIVE;
				CLANG_CXX_LANGUAGE_STANDARD = "gnu++14";
				CLANG_CXX_LIBRARY = "libc++";
				CLANG_ENABLE_MODULES = YES;
				CLANG_ENABLE_OBJC_ARC = YES;
				CLANG_ENABLE_OBJC_WEAK = YES;
				CLANG_WARN_BLOCK_CAPTURE_AUTORELEASING = YES;
				CLANG_WARN_BOOL_CONVERSION = YES;
				CLANG_WARN_COMMA = YES;
				CLANG_WARN_CONSTANT_CONVERSION = YES;
				CLANG_WARN_DEPRECATED_OBJC_IMPLEMENTATIONS = YES;
				CLANG_WARN_DIRECT_OBJC_ISA_USAGE = YES_ERROR;
				CLANG_WARN_DOCUMENTATION_COMMENTS = YES;
				CLANG_WARN_EMPTY_BODY = YES;
				CLANG_WARN_ENUM_CONVERSION = YES;
				CLANG_WARN_INFINITE_RECURSION = YES;
				CLANG_WARN_INT_CONVERSION = YES;
				CLANG_WARN_NON_LITERAL_NULL_CONVERSION = YES;
				CLANG_WARN_OBJC_IMPLICIT_RETAIN_SELF = YES;
				CLANG_WARN_OBJC_LITERAL_CONVERSION = YES;
				CLANG_WARN_OBJC_ROOT_CLASS = YES_ERROR;
				CLANG_WARN_RANGE_LOOP_ANALYSIS = YES;
				CLANG_WARN_STRICT_PROTOTYPES = YES;
				CLANG_WARN_SUSPICIOUS_MOVE = YES;
				CLANG_WARN_UNGUARDED_AVAILABILITY = YES_AGGRESSIVE;
				CLANG_WARN_UNREACHABLE_CODE = YES;
				CLANG_WARN__DUPLICATE_METHOD_MATCH = YES;
				COPY_PHASE_STRIP = NO;
				DEBUG_INFORMATION_FORMAT = dwarf;
				ENABLE_STRICT_OBJC_MSGSEND = YES;
				ENABLE_TESTABILITY = YES;
				GCC_C_LANGUAGE_STANDARD = gnu11;
				GCC_DYNAMIC_NO_PIC = NO;
				GCC_NO_COMMON_BLOCKS = YES;
				GCC_OPTIMIZATION_LEVEL = 0;
				GCC_PREPROCESSOR_DEFINITIONS = (
					"DEBUG=1",
					"$(inherited)",
				);
				GCC_WARN_64_TO_32_BIT_CONVERSION = YES;
				GCC_WARN_ABOUT_RETURN_TYPE = YES_ERROR;
				GCC_WARN_UNDECLARED_SELECTOR = YES;
				GCC_WARN_UNINITIALIZED_AUTOS = YES_AGGRESSIVE;
				GCC_WARN_UNUSED_FUNCTION = YES;
				GCC_WARN_UNUSED_VARIABLE = YES;
				IPHONEOS_DEPLOYMENT_TARGET = 13.4;
				MTL_ENABLE_DEBUG_INFO = INCLUDE_SOURCE;
				MTL_FAST_MATH = YES;
				ONLY_ACTIVE_ARCH = YES;
				SDKROOT = iphoneos;
				SWIFT_ACTIVE_COMPILATION_CONDITIONS = DEBUG;
				SWIFT_OPTIMIZATION_LEVEL = "-Onone";
			};
			name = Debug;
		};
		EA30070624645C9C000F2551 /* Release */ = {
			isa = XCBuildConfiguration;
			buildSettings = {
				ALWAYS_SEARCH_USER_PATHS = NO;
				CLANG_ANALYZER_NONNULL = YES;
				CLANG_ANALYZER_NUMBER_OBJECT_CONVERSION = YES_AGGRESSIVE;
				CLANG_CXX_LANGUAGE_STANDARD = "gnu++14";
				CLANG_CXX_LIBRARY = "libc++";
				CLANG_ENABLE_MODULES = YES;
				CLANG_ENABLE_OBJC_ARC = YES;
				CLANG_ENABLE_OBJC_WEAK = YES;
				CLANG_WARN_BLOCK_CAPTURE_AUTORELEASING = YES;
				CLANG_WARN_BOOL_CONVERSION = YES;
				CLANG_WARN_COMMA = YES;
				CLANG_WARN_CONSTANT_CONVERSION = YES;
				CLANG_WARN_DEPRECATED_OBJC_IMPLEMENTATIONS = YES;
				CLANG_WARN_DIRECT_OBJC_ISA_USAGE = YES_ERROR;
				CLANG_WARN_DOCUMENTATION_COMMENTS = YES;
				CLANG_WARN_EMPTY_BODY = YES;
				CLANG_WARN_ENUM_CONVERSION = YES;
				CLANG_WARN_INFINITE_RECURSION = YES;
				CLANG_WARN_INT_CONVERSION = YES;
				CLANG_WARN_NON_LITERAL_NULL_CONVERSION = YES;
				CLANG_WARN_OBJC_IMPLICIT_RETAIN_SELF = YES;
				CLANG_WARN_OBJC_LITERAL_CONVERSION = YES;
				CLANG_WARN_OBJC_ROOT_CLASS = YES_ERROR;
				CLANG_WARN_RANGE_LOOP_ANALYSIS = YES;
				CLANG_WARN_STRICT_PROTOTYPES = YES;
				CLANG_WARN_SUSPICIOUS_MOVE = YES;
				CLANG_WARN_UNGUARDED_AVAILABILITY = YES_AGGRESSIVE;
				CLANG_WARN_UNREACHABLE_CODE = YES;
				CLANG_WARN__DUPLICATE_METHOD_MATCH = YES;
				COPY_PHASE_STRIP = NO;
				DEBUG_INFORMATION_FORMAT = "dwarf-with-dsym";
				ENABLE_NS_ASSERTIONS = NO;
				ENABLE_STRICT_OBJC_MSGSEND = YES;
				GCC_C_LANGUAGE_STANDARD = gnu11;
				GCC_NO_COMMON_BLOCKS = YES;
				GCC_WARN_64_TO_32_BIT_CONVERSION = YES;
				GCC_WARN_ABOUT_RETURN_TYPE = YES_ERROR;
				GCC_WARN_UNDECLARED_SELECTOR = YES;
				GCC_WARN_UNINITIALIZED_AUTOS = YES_AGGRESSIVE;
				GCC_WARN_UNUSED_FUNCTION = YES;
				GCC_WARN_UNUSED_VARIABLE = YES;
				IPHONEOS_DEPLOYMENT_TARGET = 13.4;
				MTL_ENABLE_DEBUG_INFO = NO;
				MTL_FAST_MATH = YES;
				SDKROOT = iphoneos;
				SWIFT_COMPILATION_MODE = wholemodule;
				SWIFT_OPTIMIZATION_LEVEL = "-O";
				VALIDATE_PRODUCT = YES;
			};
			name = Release;
		};
		EA30070824645C9C000F2551 /* Debug */ = {
			isa = XCBuildConfiguration;
			buildSettings = {
				ASSETCATALOG_COMPILER_APPICON_NAME = AppIcon;
				CODE_SIGN_STYLE = Automatic;
				INFOPLIST_FILE = VirtualTourist/Info.plist;
				LD_RUNPATH_SEARCH_PATHS = (
					"$(inherited)",
					"@executable_path/Frameworks",
				);
				PRODUCT_BUNDLE_IDENTIFIER = net.viewmodel.VirtualTourist;
				PRODUCT_NAME = "$(TARGET_NAME)";
				SWIFT_VERSION = 5.0;
				TARGETED_DEVICE_FAMILY = "1,2";
			};
			name = Debug;
		};
		EA30070924645C9C000F2551 /* Release */ = {
			isa = XCBuildConfiguration;
			buildSettings = {
				ASSETCATALOG_COMPILER_APPICON_NAME = AppIcon;
				CODE_SIGN_STYLE = Automatic;
				INFOPLIST_FILE = VirtualTourist/Info.plist;
				LD_RUNPATH_SEARCH_PATHS = (
					"$(inherited)",
					"@executable_path/Frameworks",
				);
				PRODUCT_BUNDLE_IDENTIFIER = net.viewmodel.VirtualTourist;
				PRODUCT_NAME = "$(TARGET_NAME)";
				SWIFT_VERSION = 5.0;
				TARGETED_DEVICE_FAMILY = "1,2";
			};
			name = Release;
		};
/* End XCBuildConfiguration section */

/* Begin XCConfigurationList section */
		EA3006EB24645C99000F2551 /* Build configuration list for PBXProject "VirtualTourist" */ = {
			isa = XCConfigurationList;
			buildConfigurations = (
				EA30070524645C9C000F2551 /* Debug */,
				EA30070624645C9C000F2551 /* Release */,
			);
			defaultConfigurationIsVisible = 0;
			defaultConfigurationName = Release;
		};
		EA30070724645C9C000F2551 /* Build configuration list for PBXNativeTarget "VirtualTourist" */ = {
			isa = XCConfigurationList;
			buildConfigurations = (
				EA30070824645C9C000F2551 /* Debug */,
				EA30070924645C9C000F2551 /* Release */,
			);
			defaultConfigurationIsVisible = 0;
			defaultConfigurationName = Release;
		};
/* End XCConfigurationList section */

/* Begin XCVersionGroup section */
		EA3006FC24645C99000F2551 /* VirtualTourist.xcdatamodeld */ = {
			isa = XCVersionGroup;
			children = (
				EA3006FD24645C99000F2551 /* VirtualTourist.xcdatamodel */,
			);
			currentVersion = EA3006FD24645C99000F2551 /* VirtualTourist.xcdatamodel */;
			path = VirtualTourist.xcdatamodeld;
			sourceTree = "<group>";
			versionGroupType = wrapper.xcdatamodel;
		};
/* End XCVersionGroup section */
	};
	rootObject = EA3006E824645C99000F2551 /* Project object */;
}
